<?xml version="1.0" encoding="utf-8"?>
<Project ToolsVersion="4.0" xmlns="http://schemas.microsoft.com/developer/msbuild/2003">
  <ItemGroup>
    <Filter Include="リソース ファイル">
      <UniqueIdentifier>{67DA6AB6-F800-4c08-8B7A-83BB121AAD01}</UniqueIdentifier>
      <Extensions>rc;ico;cur;bmp;dlg;rc2;rct;bin;rgs;gif;jpg;jpeg;jpe;resx;tiff;tif;png;wav;mfcribbon-ms</Extensions>
    </Filter>
    <Filter Include="manager">
      <UniqueIdentifier>{cf99e1da-d4d2-4d80-92b8-910d38700fcc}</UniqueIdentifier>
    </Filter>
    <Filter Include="Scene">
      <UniqueIdentifier>{cc2a507a-375a-4ee8-928c-5aebdd6f55f1}</UniqueIdentifier>
    </Filter>
    <Filter Include="Scene\base">
      <UniqueIdentifier>{f3887e47-3c2e-40df-9cb3-086890a57d90}</UniqueIdentifier>
    </Filter>
  </ItemGroup>
  <ItemGroup>
    <ClCompile Include="key.cpp" />
    <ClCompile Include="Game.cpp">
      <Filter>manager</Filter>
    </ClCompile>
    <ClCompile Include="Scene.cpp">
      <Filter>Scene\base</Filter>
    </ClCompile>
    <ClCompile Include="PLAY.cpp">
      <Filter>Scene</Filter>
    </ClCompile>
    <ClCompile Include="RESULT.cpp">
      <Filter>Scene</Filter>
    </ClCompile>
    <ClCompile Include="TITLE.cpp">
      <Filter>Scene</Filter>
    </ClCompile>
    <ClCompile Include="main.cpp">
      <Filter>manager</Filter>
    </ClCompile>
    <ClCompile Include="GameObject.cpp">
      <Filter>manager</Filter>
    </ClCompile>
    <ClCompile Include="CONTAINER.cpp" />
  </ItemGroup>
  <ItemGroup>
    <ClInclude Include="key.h" />
    <ClInclude Include="Game.h">
      <Filter>manager</Filter>
    </ClInclude>
    <ClInclude Include="Scene.h">
      <Filter>Scene\base</Filter>
    </ClInclude>
    <ClInclude Include="PLAY.h">
      <Filter>Scene</Filter>
    </ClInclude>
    <ClInclude Include="RESULT.h">
      <Filter>Scene</Filter>
    </ClInclude>
    <ClInclude Include="TITLE.h">
      <Filter>Scene</Filter>
    </ClInclude>
    <ClInclude Include="GameObject.h">
      <Filter>manager</Filter>
    </ClInclude>
    <ClInclude Include="CONTAINER.h" />
    <ClInclude Include="VECTOR2.h" />
  </ItemGroup>
  <ItemGroup>
    <Image Include="..\..\..\Downloads\reversi_stone_image.jpeg">
      <Filter>リソース ファイル</Filter>
    </Image>
  </ItemGroup>
</Project>