<?xml version="1.0" encoding="utf-8"?>
<Project ToolsVersion="4.0" xmlns="http://schemas.microsoft.com/developer/msbuild/2003">
  <ItemGroup>
    <Filter Include="manager">
      <UniqueIdentifier>{cf99e1da-d4d2-4d80-92b8-910d38700fcc}</UniqueIdentifier>
    </Filter>
    <Filter Include="Scene">
      <UniqueIdentifier>{cc2a507a-375a-4ee8-928c-5aebdd6f55f1}</UniqueIdentifier>
    </Filter>
    <Filter Include="Scene\base">
      <UniqueIdentifier>{f3887e47-3c2e-40df-9cb3-086890a57d90}</UniqueIdentifier>
    </Filter>
    <Filter Include="CONTAINER">
      <UniqueIdentifier>{d8966690-e6a8-4858-b812-237b5817481b}</UniqueIdentifier>
    </Filter>
    <Filter Include="Key">
      <UniqueIdentifier>{5efe054a-880c-4472-9f9d-af75118462e6}</UniqueIdentifier>
    </Filter>
  </ItemGroup>
  <ItemGroup>
    <ClCompile Include="Game.cpp">
      <Filter>manager</Filter>
    </ClCompile>
    <ClCompile Include="Scene.cpp">
      <Filter>Scene\base</Filter>
    </ClCompile>
    <ClCompile Include="PLAY.cpp">
      <Filter>Scene</Filter>
    </ClCompile>
    <ClCompile Include="RESULT.cpp">
      <Filter>Scene</Filter>
    </ClCompile>
    <ClCompile Include="TITLE.cpp">
      <Filter>Scene</Filter>
    </ClCompile>
    <ClCompile Include="main.cpp">
      <Filter>manager</Filter>
    </ClCompile>
    <ClCompile Include="GAME_OBJECT.cpp">
      <Filter>manager</Filter>
    </ClCompile>
    <ClCompile Include="CONTAINER.cpp">
      <Filter>CONTAINER</Filter>
    </ClCompile>
    <ClCompile Include="key.cpp">
      <Filter>Key</Filter>
    </ClCompile>
  </ItemGroup>
  <ItemGroup>
    <ClInclude Include="Game.h">
      <Filter>manager</Filter>
    </ClInclude>
    <ClInclude Include="Scene.h">
      <Filter>Scene\base</Filter>
    </ClInclude>
    <ClInclude Include="PLAY.h">
      <Filter>Scene</Filter>
    </ClInclude>
    <ClInclude Include="RESULT.h">
      <Filter>Scene</Filter>
    </ClInclude>
    <ClInclude Include="TITLE.h">
      <Filter>Scene</Filter>
    </ClInclude>
    <ClInclude Include="GAME_OBJECT.h">
      <Filter>manager</Filter>
    </ClInclude>
    <ClInclude Include="VECTOR2.h" />
    <ClInclude Include="CONTAINER.h">
      <Filter>CONTAINER</Filter>
    </ClInclude>
    <ClInclude Include="key.h">
      <Filter>Key</Filter>
    </ClInclude>
  </ItemGroup>
</Project>